
Microsoft Visual Studio Solution File, Format Version 12.00
# Visual Studio Version 17
VisualStudioVersion = 17.4.33213.308
MinimumVisualStudioVersion = 10.0.40219.1
Project("{FAE04EC0-301F-11D3-BF4B-00C04F79EFBC}") = "Week6StringsAndArrays", "Week6StringsAndArrays\Week6StringsAndArrays.csproj", "{81C6BC96-C7A9-48C8-BB72-3E42B9EBC2E4}"
EndProject
Project("{FAE04EC0-301F-11D3-BF4B-00C04F79EFBC}") = "Arrays", "Arrays\Arrays.csproj", "{98889C2A-6E70-4363-962F-8ACB91F98231}"
EndProject
Project("{FAE04EC0-301F-11D3-BF4B-00C04F79EFBC}") = "NumberArrays", "NumberArrays\NumberArrays.csproj", "{6D0E5EC3-9236-4B82-8154-C8105BD298F2}"
EndProject
Project("{FAE04EC0-301F-11D3-BF4B-00C04F79EFBC}") = "RandomElement", "RandomElement\RandomElement.csproj", "{50A5C974-EF51-49EE-A8CE-8E3897B02FD6}"
EndProject
Global
	GlobalSection(SolutionConfigurationPlatforms) = preSolution
		Debug|Any CPU = Debug|Any CPU
		Release|Any CPU = Release|Any CPU
	EndGlobalSection
	GlobalSection(ProjectConfigurationPlatforms) = postSolution
		{81C6BC96-C7A9-48C8-BB72-3E42B9EBC2E4}.Debug|Any CPU.ActiveCfg = Debug|Any CPU
		{81C6BC96-C7A9-48C8-BB72-3E42B9EBC2E4}.Debug|Any CPU.Build.0 = Debug|Any CPU
		{81C6BC96-C7A9-48C8-BB72-3E42B9EBC2E4}.Release|Any CPU.ActiveCfg = Release|Any CPU
		{81C6BC96-C7A9-48C8-BB72-3E42B9EBC2E4}.Release|Any CPU.Build.0 = Release|Any CPU
		{98889C2A-6E70-4363-962F-8ACB91F98231}.Debug|Any CPU.ActiveCfg = Debug|Any CPU
		{98889C2A-6E70-4363-962F-8ACB91F98231}.Debug|Any CPU.Build.0 = Debug|Any CPU
		{98889C2A-6E70-4363-962F-8ACB91F98231}.Release|Any CPU.ActiveCfg = Release|Any CPU
		{98889C2A-6E70-4363-962F-8ACB91F98231}.Release|Any CPU.Build.0 = Release|Any CPU
		{6D0E5EC3-9236-4B82-8154-C8105BD298F2}.Debug|Any CPU.ActiveCfg = Debug|Any CPU
		{6D0E5EC3-9236-4B82-8154-C8105BD298F2}.Debug|Any CPU.Build.0 = Debug|Any CPU
		{6D0E5EC3-9236-4B82-8154-C8105BD298F2}.Release|Any CPU.ActiveCfg = Release|Any CPU
		{6D0E5EC3-9236-4B82-8154-C8105BD298F2}.Release|Any CPU.Build.0 = Release|Any CPU
		{50A5C974-EF51-49EE-A8CE-8E3897B02FD6}.Debug|Any CPU.ActiveCfg = Debug|Any CPU
		{50A5C974-EF51-49EE-A8CE-8E3897B02FD6}.Debug|Any CPU.Build.0 = Debug|Any CPU
		{50A5C974-EF51-49EE-A8CE-8E3897B02FD6}.Release|Any CPU.ActiveCfg = Release|Any CPU
		{50A5C974-EF51-49EE-A8CE-8E3897B02FD6}.Release|Any CPU.Build.0 = Release|Any CPU
	EndGlobalSection
	GlobalSection(SolutionProperties) = preSolution
		HideSolutionNode = FALSE
	EndGlobalSection
	GlobalSection(ExtensibilityGlobals) = postSolution
		SolutionGuid = {FBDFC6F6-FA06-4144-887C-C3A0B3939781}
	EndGlobalSection
EndGlobal
